// !$*UTF8*$!
{
	archiveVersion = 1;
	classes = {
	};
	objectVersion = 46;
	objects = {

/* Begin PBXBuildFile section */
		52029C9F1A9130B1006B1DBA /* Bolts.framework in Frameworks */ = {isa = PBXBuildFile; fileRef = 52029C9D1A9130B1006B1DBA /* Bolts.framework */; };
		52029CA01A9130B1006B1DBA /* Parse.framework in Frameworks */ = {isa = PBXBuildFile; fileRef = 52029C9E1A9130B1006B1DBA /* Parse.framework */; };
		52029CA21A9130EE006B1DBA /* libsqlite3.dylib in Frameworks */ = {isa = PBXBuildFile; fileRef = 52029CA11A9130EE006B1DBA /* libsqlite3.dylib */; };
		52029CA41A913184006B1DBA /* FacebookSDK.framework in Frameworks */ = {isa = PBXBuildFile; fileRef = 52029CA31A913184006B1DBA /* FacebookSDK.framework */; };
		52029CA81A913214006B1DBA /* ParseCrashReporting.framework in Frameworks */ = {isa = PBXBuildFile; fileRef = 52029CA51A913214006B1DBA /* ParseCrashReporting.framework */; };
		52029CA91A913214006B1DBA /* ParseFacebookUtils.framework in Frameworks */ = {isa = PBXBuildFile; fileRef = 52029CA61A913214006B1DBA /* ParseFacebookUtils.framework */; };
		52029CAA1A913214006B1DBA /* ParseUI.framework in Frameworks */ = {isa = PBXBuildFile; fileRef = 52029CA71A913214006B1DBA /* ParseUI.framework */; };
		5233C6441A22BD920091E54E /* RideDetailViewController.swift in Sources */ = {isa = PBXBuildFile; fileRef = 5233C6431A22BD910091E54E /* RideDetailViewController.swift */; };
		524E5B0C19D9DEA8008A0EE7 /* Person.swift in Sources */ = {isa = PBXBuildFile; fileRef = 524E5B0B19D9DEA8008A0EE7 /* Person.swift */; };
		526DD42719D9D05D00DA2447 /* Ride.swift in Sources */ = {isa = PBXBuildFile; fileRef = 526DD42619D9D05D00DA2447 /* Ride.swift */; };
		52A604461A914396004A0552 /* Main.storyboard in Resources */ = {isa = PBXBuildFile; fileRef = 52A604451A914396004A0552 /* Main.storyboard */; };
		52A604481A914D12004A0552 /* AddRideViewController.swift in Sources */ = {isa = PBXBuildFile; fileRef = 52A604471A914D12004A0552 /* AddRideViewController.swift */; };
		52B40D1219C36303001A411D /* SettingsViewController.swift in Sources */ = {isa = PBXBuildFile; fileRef = 52B40D1119C36303001A411D /* SettingsViewController.swift */; };
		52B40D1419C363B8001A411D /* MapKit.framework in Frameworks */ = {isa = PBXBuildFile; fileRef = 52B40D1319C363B8001A411D /* MapKit.framework */; };
		52B646871A8AA775003F05AF /* appKeys.swift in Sources */ = {isa = PBXBuildFile; fileRef = 52B646861A8AA775003F05AF /* appKeys.swift */; };
		52C7ED3E1A229B32004B1DA6 /* rideCell.swift in Sources */ = {isa = PBXBuildFile; fileRef = 52C7ED3D1A229B32004B1DA6 /* rideCell.swift */; };
		52D4F7181A22D4D5000912C9 /* MyRidesViewController.swift in Sources */ = {isa = PBXBuildFile; fileRef = 52D4F7171A22D4D5000912C9 /* MyRidesViewController.swift */; };
		52F01CFC19BE6EA90074884E /* AppDelegate.swift in Sources */ = {isa = PBXBuildFile; fileRef = 52F01CFB19BE6EA90074884E /* AppDelegate.swift */; };
		52F01D0019BE6EA90074884E /* MapsViewController.swift in Sources */ = {isa = PBXBuildFile; fileRef = 52F01CFF19BE6EA90074884E /* MapsViewController.swift */; };
		52F01D0519BE6EA90074884E /* Images.xcassets in Resources */ = {isa = PBXBuildFile; fileRef = 52F01D0419BE6EA90074884E /* Images.xcassets */; };
		52F01D1119BE6EA90074884E /* Where_R_U_Tests.swift in Sources */ = {isa = PBXBuildFile; fileRef = 52F01D1019BE6EA90074884E /* Where_R_U_Tests.swift */; };
		924D754719E3382000B3B8C7 /* AudioToolbox.framework in Frameworks */ = {isa = PBXBuildFile; fileRef = 924D754619E3382000B3B8C7 /* AudioToolbox.framework */; };
		924D754919E3382500B3B8C7 /* CFNetwork.framework in Frameworks */ = {isa = PBXBuildFile; fileRef = 924D754819E3382500B3B8C7 /* CFNetwork.framework */; };
		924D754B19E3382F00B3B8C7 /* CoreGraphics.framework in Frameworks */ = {isa = PBXBuildFile; fileRef = 924D754A19E3382F00B3B8C7 /* CoreGraphics.framework */; };
		924D754D19E3383500B3B8C7 /* CoreLocation.framework in Frameworks */ = {isa = PBXBuildFile; fileRef = 924D754C19E3383500B3B8C7 /* CoreLocation.framework */; };
		924D754F19E3383F00B3B8C7 /* libz.dylib in Frameworks */ = {isa = PBXBuildFile; fileRef = 924D754E19E3383F00B3B8C7 /* libz.dylib */; };
		924D755119E3384600B3B8C7 /* MobileCoreServices.framework in Frameworks */ = {isa = PBXBuildFile; fileRef = 924D755019E3384600B3B8C7 /* MobileCoreServices.framework */; };
		924D755319E3384D00B3B8C7 /* QuartzCore.framework in Frameworks */ = {isa = PBXBuildFile; fileRef = 924D755219E3384D00B3B8C7 /* QuartzCore.framework */; };
		924D755519E3385300B3B8C7 /* Security.framework in Frameworks */ = {isa = PBXBuildFile; fileRef = 924D755419E3385300B3B8C7 /* Security.framework */; };
		924D755919E3386600B3B8C7 /* SystemConfiguration.framework in Frameworks */ = {isa = PBXBuildFile; fileRef = 924D755819E3386600B3B8C7 /* SystemConfiguration.framework */; };
		927A733B1A992B0500023F19 /* LoginViewController.swift in Sources */ = {isa = PBXBuildFile; fileRef = 927A733A1A992B0500023F19 /* LoginViewController.swift */; };
		92B084E519E482860078757C /* Social.framework in Frameworks */ = {isa = PBXBuildFile; fileRef = 92B084E419E482860078757C /* Social.framework */; };
		92B255E11A9D297600B10D27 /* FriendRequestViewController.swift in Sources */ = {isa = PBXBuildFile; fileRef = 92B255E01A9D297600B10D27 /* FriendRequestViewController.swift */; };
/* End PBXBuildFile section */

/* Begin PBXContainerItemProxy section */
		52F01D0B19BE6EA90074884E /* PBXContainerItemProxy */ = {
			isa = PBXContainerItemProxy;
			containerPortal = 52F01CEE19BE6EA90074884E /* Project object */;
			proxyType = 1;
			remoteGlobalIDString = 52F01CF519BE6EA90074884E;
			remoteInfo = "Where R U?";
		};
/* End PBXContainerItemProxy section */

/* Begin PBXFileReference section */
		52029C9D1A9130B1006B1DBA /* Bolts.framework */ = {isa = PBXFileReference; lastKnownFileType = wrapper.framework; path = Bolts.framework; sourceTree = "<group>"; };
		52029C9E1A9130B1006B1DBA /* Parse.framework */ = {isa = PBXFileReference; lastKnownFileType = wrapper.framework; path = Parse.framework; sourceTree = "<group>"; };
		52029CA11A9130EE006B1DBA /* libsqlite3.dylib */ = {isa = PBXFileReference; lastKnownFileType = "compiled.mach-o.dylib"; name = libsqlite3.dylib; path = usr/lib/libsqlite3.dylib; sourceTree = SDKROOT; };
		52029CA31A913184006B1DBA /* FacebookSDK.framework */ = {isa = PBXFileReference; lastKnownFileType = wrapper.framework; name = FacebookSDK.framework; path = ../../../../../Documents/FacebookSDK/FacebookSDK.framework; sourceTree = "<group>"; };
		52029CA51A913214006B1DBA /* ParseCrashReporting.framework */ = {isa = PBXFileReference; lastKnownFileType = wrapper.framework; path = ParseCrashReporting.framework; sourceTree = "<group>"; };
		52029CA61A913214006B1DBA /* ParseFacebookUtils.framework */ = {isa = PBXFileReference; lastKnownFileType = wrapper.framework; path = ParseFacebookUtils.framework; sourceTree = "<group>"; };
		52029CA71A913214006B1DBA /* ParseUI.framework */ = {isa = PBXFileReference; lastKnownFileType = wrapper.framework; path = ParseUI.framework; sourceTree = "<group>"; };
		5233C6431A22BD910091E54E /* RideDetailViewController.swift */ = {isa = PBXFileReference; fileEncoding = 4; lastKnownFileType = sourcecode.swift; path = RideDetailViewController.swift; sourceTree = "<group>"; };
		524E5B0B19D9DEA8008A0EE7 /* Person.swift */ = {isa = PBXFileReference; fileEncoding = 4; lastKnownFileType = sourcecode.swift; path = Person.swift; sourceTree = "<group>"; };
		5268471219DFC74400C13769 /* NotificationCenter.framework */ = {isa = PBXFileReference; lastKnownFileType = wrapper.framework; name = NotificationCenter.framework; path = System/Library/Frameworks/NotificationCenter.framework; sourceTree = SDKROOT; };
		526DD42619D9D05D00DA2447 /* Ride.swift */ = {isa = PBXFileReference; fileEncoding = 4; lastKnownFileType = sourcecode.swift; path = Ride.swift; sourceTree = "<group>"; };
		52A604451A914396004A0552 /* Main.storyboard */ = {isa = PBXFileReference; fileEncoding = 4; lastKnownFileType = file.storyboard; path = Main.storyboard; sourceTree = "<group>"; };
		52A604471A914D12004A0552 /* AddRideViewController.swift */ = {isa = PBXFileReference; fileEncoding = 4; lastKnownFileType = sourcecode.swift; path = AddRideViewController.swift; sourceTree = "<group>"; };
		52B40D1119C36303001A411D /* SettingsViewController.swift */ = {isa = PBXFileReference; fileEncoding = 4; lastKnownFileType = sourcecode.swift; path = SettingsViewController.swift; sourceTree = "<group>"; };
		52B40D1319C363B8001A411D /* MapKit.framework */ = {isa = PBXFileReference; lastKnownFileType = wrapper.framework; name = MapKit.framework; path = System/Library/Frameworks/MapKit.framework; sourceTree = SDKROOT; };
		52B646861A8AA775003F05AF /* appKeys.swift */ = {isa = PBXFileReference; fileEncoding = 4; lastKnownFileType = sourcecode.swift; name = appKeys.swift; path = ../../../../../../Desktop/appKeys.swift; sourceTree = "<group>"; };
		52C7ED3D1A229B32004B1DA6 /* rideCell.swift */ = {isa = PBXFileReference; fileEncoding = 4; lastKnownFileType = sourcecode.swift; name = rideCell.swift; path = ../rideCell.swift; sourceTree = "<group>"; };
		52D4F7171A22D4D5000912C9 /* MyRidesViewController.swift */ = {isa = PBXFileReference; fileEncoding = 4; lastKnownFileType = sourcecode.swift; path = MyRidesViewController.swift; sourceTree = "<group>"; };
		52F01CF619BE6EA90074884E /* Where R U?.app */ = {isa = PBXFileReference; explicitFileType = wrapper.application; includeInIndex = 0; path = "Where R U?.app"; sourceTree = BUILT_PRODUCTS_DIR; };
		52F01CFA19BE6EA90074884E /* Info.plist */ = {isa = PBXFileReference; lastKnownFileType = text.plist.xml; path = Info.plist; sourceTree = "<group>"; };
		52F01CFB19BE6EA90074884E /* AppDelegate.swift */ = {isa = PBXFileReference; lastKnownFileType = sourcecode.swift; path = AppDelegate.swift; sourceTree = "<group>"; };
		52F01CFF19BE6EA90074884E /* MapsViewController.swift */ = {isa = PBXFileReference; lastKnownFileType = sourcecode.swift; path = MapsViewController.swift; sourceTree = "<group>"; };
		52F01D0419BE6EA90074884E /* Images.xcassets */ = {isa = PBXFileReference; lastKnownFileType = folder.assetcatalog; path = Images.xcassets; sourceTree = "<group>"; };
		52F01D0A19BE6EA90074884E /* Where R U?Tests.xctest */ = {isa = PBXFileReference; explicitFileType = wrapper.cfbundle; includeInIndex = 0; path = "Where R U?Tests.xctest"; sourceTree = BUILT_PRODUCTS_DIR; };
		52F01D0F19BE6EA90074884E /* Info.plist */ = {isa = PBXFileReference; lastKnownFileType = text.plist.xml; path = Info.plist; sourceTree = "<group>"; };
		52F01D1019BE6EA90074884E /* Where_R_U_Tests.swift */ = {isa = PBXFileReference; lastKnownFileType = sourcecode.swift; path = Where_R_U_Tests.swift; sourceTree = "<group>"; };
		924D753D19E3371800B3B8C7 /* Where R U?-Bridging-Header.h */ = {isa = PBXFileReference; lastKnownFileType = sourcecode.c.h; path = "Where R U?-Bridging-Header.h"; sourceTree = "<group>"; };
		924D754619E3382000B3B8C7 /* AudioToolbox.framework */ = {isa = PBXFileReference; lastKnownFileType = wrapper.framework; name = AudioToolbox.framework; path = System/Library/Frameworks/AudioToolbox.framework; sourceTree = SDKROOT; };
		924D754819E3382500B3B8C7 /* CFNetwork.framework */ = {isa = PBXFileReference; lastKnownFileType = wrapper.framework; name = CFNetwork.framework; path = System/Library/Frameworks/CFNetwork.framework; sourceTree = SDKROOT; };
		924D754A19E3382F00B3B8C7 /* CoreGraphics.framework */ = {isa = PBXFileReference; lastKnownFileType = wrapper.framework; name = CoreGraphics.framework; path = System/Library/Frameworks/CoreGraphics.framework; sourceTree = SDKROOT; };
		924D754C19E3383500B3B8C7 /* CoreLocation.framework */ = {isa = PBXFileReference; lastKnownFileType = wrapper.framework; name = CoreLocation.framework; path = System/Library/Frameworks/CoreLocation.framework; sourceTree = SDKROOT; };
		924D754E19E3383F00B3B8C7 /* libz.dylib */ = {isa = PBXFileReference; lastKnownFileType = "compiled.mach-o.dylib"; name = libz.dylib; path = usr/lib/libz.dylib; sourceTree = SDKROOT; };
		924D755019E3384600B3B8C7 /* MobileCoreServices.framework */ = {isa = PBXFileReference; lastKnownFileType = wrapper.framework; name = MobileCoreServices.framework; path = System/Library/Frameworks/MobileCoreServices.framework; sourceTree = SDKROOT; };
		924D755219E3384D00B3B8C7 /* QuartzCore.framework */ = {isa = PBXFileReference; lastKnownFileType = wrapper.framework; name = QuartzCore.framework; path = System/Library/Frameworks/QuartzCore.framework; sourceTree = SDKROOT; };
		924D755419E3385300B3B8C7 /* Security.framework */ = {isa = PBXFileReference; lastKnownFileType = wrapper.framework; name = Security.framework; path = System/Library/Frameworks/Security.framework; sourceTree = SDKROOT; };
		924D755819E3386600B3B8C7 /* SystemConfiguration.framework */ = {isa = PBXFileReference; lastKnownFileType = wrapper.framework; name = SystemConfiguration.framework; path = System/Library/Frameworks/SystemConfiguration.framework; sourceTree = SDKROOT; };
		927A733A1A992B0500023F19 /* LoginViewController.swift */ = {isa = PBXFileReference; fileEncoding = 4; lastKnownFileType = sourcecode.swift; path = LoginViewController.swift; sourceTree = "<group>"; };
		92B084E419E482860078757C /* Social.framework */ = {isa = PBXFileReference; lastKnownFileType = wrapper.framework; name = Social.framework; path = System/Library/Frameworks/Social.framework; sourceTree = SDKROOT; };
		92B255E01A9D297600B10D27 /* FriendRequestViewController.swift */ = {isa = PBXFileReference; fileEncoding = 4; lastKnownFileType = sourcecode.swift; path = FriendRequestViewController.swift; sourceTree = "<group>"; };
/* End PBXFileReference section */

/* Begin PBXFrameworksBuildPhase section */
		52F01CF319BE6EA90074884E /* Frameworks */ = {
			isa = PBXFrameworksBuildPhase;
			buildActionMask = 2147483647;
			files = (
				52029CAA1A913214006B1DBA /* ParseUI.framework in Frameworks */,
				52029CA21A9130EE006B1DBA /* libsqlite3.dylib in Frameworks */,
				92B084E519E482860078757C /* Social.framework in Frameworks */,
				924D755919E3386600B3B8C7 /* SystemConfiguration.framework in Frameworks */,
				924D755519E3385300B3B8C7 /* Security.framework in Frameworks */,
				52029C9F1A9130B1006B1DBA /* Bolts.framework in Frameworks */,
				52029CA91A913214006B1DBA /* ParseFacebookUtils.framework in Frameworks */,
				924D755319E3384D00B3B8C7 /* QuartzCore.framework in Frameworks */,
				924D755119E3384600B3B8C7 /* MobileCoreServices.framework in Frameworks */,
				52029CA01A9130B1006B1DBA /* Parse.framework in Frameworks */,
				924D754F19E3383F00B3B8C7 /* libz.dylib in Frameworks */,
				924D754D19E3383500B3B8C7 /* CoreLocation.framework in Frameworks */,
				924D754B19E3382F00B3B8C7 /* CoreGraphics.framework in Frameworks */,
				52029CA41A913184006B1DBA /* FacebookSDK.framework in Frameworks */,
				924D754919E3382500B3B8C7 /* CFNetwork.framework in Frameworks */,
				924D754719E3382000B3B8C7 /* AudioToolbox.framework in Frameworks */,
				52B40D1419C363B8001A411D /* MapKit.framework in Frameworks */,
				52029CA81A913214006B1DBA /* ParseCrashReporting.framework in Frameworks */,
			);
			runOnlyForDeploymentPostprocessing = 0;
		};
		52F01D0719BE6EA90074884E /* Frameworks */ = {
			isa = PBXFrameworksBuildPhase;
			buildActionMask = 2147483647;
			files = (
			);
			runOnlyForDeploymentPostprocessing = 0;
		};
/* End PBXFrameworksBuildPhase section */

/* Begin PBXGroup section */
		5268471119DFC74400C13769 /* Frameworks */ = {
			isa = PBXGroup;
			children = (
				52029CA51A913214006B1DBA /* ParseCrashReporting.framework */,
				52029CA61A913214006B1DBA /* ParseFacebookUtils.framework */,
				52029CA71A913214006B1DBA /* ParseUI.framework */,
				52029CA31A913184006B1DBA /* FacebookSDK.framework */,
				52029CA11A9130EE006B1DBA /* libsqlite3.dylib */,
				52029C9D1A9130B1006B1DBA /* Bolts.framework */,
				52029C9E1A9130B1006B1DBA /* Parse.framework */,
				52B40D1319C363B8001A411D /* MapKit.framework */,
				92B084E419E482860078757C /* Social.framework */,
				924D755819E3386600B3B8C7 /* SystemConfiguration.framework */,
				924D755419E3385300B3B8C7 /* Security.framework */,
				924D755219E3384D00B3B8C7 /* QuartzCore.framework */,
				924D755019E3384600B3B8C7 /* MobileCoreServices.framework */,
				924D754E19E3383F00B3B8C7 /* libz.dylib */,
				924D754C19E3383500B3B8C7 /* CoreLocation.framework */,
				924D754A19E3382F00B3B8C7 /* CoreGraphics.framework */,
				924D754819E3382500B3B8C7 /* CFNetwork.framework */,
				924D754619E3382000B3B8C7 /* AudioToolbox.framework */,
				5268471219DFC74400C13769 /* NotificationCenter.framework */,
			);
			name = Frameworks;
			sourceTree = "<group>";
		};
		52E264D61A127F1300B6444F /* View Controllers */ = {
			isa = PBXGroup;
			children = (
				927A733A1A992B0500023F19 /* LoginViewController.swift */,
				52F01CFF19BE6EA90074884E /* MapsViewController.swift */,
				52D4F7171A22D4D5000912C9 /* MyRidesViewController.swift */,
				52A604471A914D12004A0552 /* AddRideViewController.swift */,
				5233C6431A22BD910091E54E /* RideDetailViewController.swift */,
				52B40D1119C36303001A411D /* SettingsViewController.swift */,
				92B255E01A9D297600B10D27 /* FriendRequestViewController.swift */,
			);
			name = "View Controllers";
			sourceTree = "<group>";
		};
		52E264D71A127F3800B6444F /* Object Classes */ = {
			isa = PBXGroup;
			children = (
				526DD42619D9D05D00DA2447 /* Ride.swift */,
				524E5B0B19D9DEA8008A0EE7 /* Person.swift */,
			);
			name = "Object Classes";
			sourceTree = "<group>";
		};
		52F01CED19BE6EA90074884E = {
			isa = PBXGroup;
			children = (
				52F01CF819BE6EA90074884E /* Where R U? */,
				52F01D0D19BE6EA90074884E /* Where R U?Tests */,
				5268471119DFC74400C13769 /* Frameworks */,
				52F01CF719BE6EA90074884E /* Products */,
			);
			sourceTree = "<group>";
		};
		52F01CF719BE6EA90074884E /* Products */ = {
			isa = PBXGroup;
			children = (
				52F01CF619BE6EA90074884E /* Where R U?.app */,
				52F01D0A19BE6EA90074884E /* Where R U?Tests.xctest */,
			);
			name = Products;
			sourceTree = "<group>";
		};
		52F01CF819BE6EA90074884E /* Where R U? */ = {
			isa = PBXGroup;
			children = (
				52FCF84E1A816FCA00790276 /* Data Storage Types */,
				52E264D61A127F1300B6444F /* View Controllers */,
				52E264D71A127F3800B6444F /* Object Classes */,
				52F01CFB19BE6EA90074884E /* AppDelegate.swift */,
				52A604451A914396004A0552 /* Main.storyboard */,
				52F01D0419BE6EA90074884E /* Images.xcassets */,
				52F01CF919BE6EA90074884E /* Supporting Files */,
				924D753D19E3371800B3B8C7 /* Where R U?-Bridging-Header.h */,
			);
			path = "Where R U?";
			sourceTree = "<group>";
		};
		52F01CF919BE6EA90074884E /* Supporting Files */ = {
			isa = PBXGroup;
			children = (
				52F01CFA19BE6EA90074884E /* Info.plist */,
			);
			name = "Supporting Files";
			sourceTree = "<group>";
		};
		52F01D0D19BE6EA90074884E /* Where R U?Tests */ = {
			isa = PBXGroup;
			children = (
				52F01D1019BE6EA90074884E /* Where_R_U_Tests.swift */,
				52F01D0E19BE6EA90074884E /* Supporting Files */,
			);
			path = "Where R U?Tests";
			sourceTree = "<group>";
		};
		52F01D0E19BE6EA90074884E /* Supporting Files */ = {
			isa = PBXGroup;
			children = (
				52F01D0F19BE6EA90074884E /* Info.plist */,
			);
			name = "Supporting Files";
			sourceTree = "<group>";
		};
		52FCF84E1A816FCA00790276 /* Data Storage Types */ = {
			isa = PBXGroup;
			children = (
				52B646861A8AA775003F05AF /* appKeys.swift */,
				52C7ED3D1A229B32004B1DA6 /* rideCell.swift */,
			);
			name = "Data Storage Types";
			sourceTree = "<group>";
		};
/* End PBXGroup section */

/* Begin PBXNativeTarget section */
		52F01CF519BE6EA90074884E /* Where R U? */ = {
			isa = PBXNativeTarget;
			buildConfigurationList = 52F01D1419BE6EA90074884E /* Build configuration list for PBXNativeTarget "Where R U?" */;
			buildPhases = (
				52F01CF219BE6EA90074884E /* Sources */,
				52F01CF319BE6EA90074884E /* Frameworks */,
				52F01CF419BE6EA90074884E /* Resources */,
			);
			buildRules = (
			);
			dependencies = (
			);
			name = "Where R U?";
			productName = "Where R U?";
			productReference = 52F01CF619BE6EA90074884E /* Where R U?.app */;
			productType = "com.apple.product-type.application";
		};
		52F01D0919BE6EA90074884E /* Where R U?Tests */ = {
			isa = PBXNativeTarget;
			buildConfigurationList = 52F01D1719BE6EA90074884E /* Build configuration list for PBXNativeTarget "Where R U?Tests" */;
			buildPhases = (
				52F01D0619BE6EA90074884E /* Sources */,
				52F01D0719BE6EA90074884E /* Frameworks */,
				52F01D0819BE6EA90074884E /* Resources */,
			);
			buildRules = (
			);
			dependencies = (
				52F01D0C19BE6EA90074884E /* PBXTargetDependency */,
			);
			name = "Where R U?Tests";
			productName = "Where R U?Tests";
			productReference = 52F01D0A19BE6EA90074884E /* Where R U?Tests.xctest */;
			productType = "com.apple.product-type.bundle.unit-test";
		};
/* End PBXNativeTarget section */

/* Begin PBXProject section */
		52F01CEE19BE6EA90074884E /* Project object */ = {
			isa = PBXProject;
			attributes = {
				LastUpgradeCheck = 0600;
				ORGANIZATIONNAME = "John Behnke";
				TargetAttributes = {
					52F01CF519BE6EA90074884E = {
						CreatedOnToolsVersion = 6.0;
						DevelopmentTeam = 68GTUE267H;
						SystemCapabilities = {
							com.apple.InAppPurchase = {
								enabled = 0;
							};
							com.apple.SafariKeychain = {
								enabled = 0;
							};
							com.apple.iOS = {
								enabled = 1;
							};
						};
					};
					52F01D0919BE6EA90074884E = {
						CreatedOnToolsVersion = 6.0;
						TestTargetID = 52F01CF519BE6EA90074884E;
					};
				};
			};
			buildConfigurationList = 52F01CF119BE6EA90074884E /* Build configuration list for PBXProject "Where R U?" */;
			compatibilityVersion = "Xcode 3.2";
			developmentRegion = English;
			hasScannedForEncodings = 0;
			knownRegions = (
				en,
				Base,
				he,
			);
			mainGroup = 52F01CED19BE6EA90074884E;
			productRefGroup = 52F01CF719BE6EA90074884E /* Products */;
			projectDirPath = "";
			projectRoot = "";
			targets = (
				52F01CF519BE6EA90074884E /* Where R U? */,
				52F01D0919BE6EA90074884E /* Where R U?Tests */,
			);
		};
/* End PBXProject section */

/* Begin PBXResourcesBuildPhase section */
		52F01CF419BE6EA90074884E /* Resources */ = {
			isa = PBXResourcesBuildPhase;
			buildActionMask = 2147483647;
			files = (
				52A604461A914396004A0552 /* Main.storyboard in Resources */,
				52F01D0519BE6EA90074884E /* Images.xcassets in Resources */,
			);
			runOnlyForDeploymentPostprocessing = 0;
		};
		52F01D0819BE6EA90074884E /* Resources */ = {
			isa = PBXResourcesBuildPhase;
			buildActionMask = 2147483647;
			files = (
			);
			runOnlyForDeploymentPostprocessing = 0;
		};
/* End PBXResourcesBuildPhase section */

/* Begin PBXSourcesBuildPhase section */
		52F01CF219BE6EA90074884E /* Sources */ = {
			isa = PBXSourcesBuildPhase;
			buildActionMask = 2147483647;
			files = (
				524E5B0C19D9DEA8008A0EE7 /* Person.swift in Sources */,
				52F01D0019BE6EA90074884E /* MapsViewController.swift in Sources */,
				52D4F7181A22D4D5000912C9 /* MyRidesViewController.swift in Sources */,
				5233C6441A22BD920091E54E /* RideDetailViewController.swift in Sources */,
				52F01CFC19BE6EA90074884E /* AppDelegate.swift in Sources */,
				92B255E11A9D297600B10D27 /* FriendRequestViewController.swift in Sources */,
				52B40D1219C36303001A411D /* SettingsViewController.swift in Sources */,
				52C7ED3E1A229B32004B1DA6 /* rideCell.swift in Sources */,
				52A604481A914D12004A0552 /* AddRideViewController.swift in Sources */,
				526DD42719D9D05D00DA2447 /* Ride.swift in Sources */,
				52B646871A8AA775003F05AF /* appKeys.swift in Sources */,
				927A733B1A992B0500023F19 /* LoginViewController.swift in Sources */,
			);
			runOnlyForDeploymentPostprocessing = 0;
		};
		52F01D0619BE6EA90074884E /* Sources */ = {
			isa = PBXSourcesBuildPhase;
			buildActionMask = 2147483647;
			files = (
				52F01D1119BE6EA90074884E /* Where_R_U_Tests.swift in Sources */,
			);
			runOnlyForDeploymentPostprocessing = 0;
		};
/* End PBXSourcesBuildPhase section */

/* Begin PBXTargetDependency section */
		52F01D0C19BE6EA90074884E /* PBXTargetDependency */ = {
			isa = PBXTargetDependency;
			target = 52F01CF519BE6EA90074884E /* Where R U? */;
			targetProxy = 52F01D0B19BE6EA90074884E /* PBXContainerItemProxy */;
		};
/* End PBXTargetDependency section */

/* Begin XCBuildConfiguration section */
		52F01D1219BE6EA90074884E /* Debug */ = {
			isa = XCBuildConfiguration;
			buildSettings = {
				ALWAYS_SEARCH_USER_PATHS = NO;
				CLANG_CXX_LANGUAGE_STANDARD = "gnu++0x";
				CLANG_CXX_LIBRARY = "libc++";
				CLANG_ENABLE_MODULES = YES;
				CLANG_ENABLE_OBJC_ARC = YES;
				CLANG_WARN_BOOL_CONVERSION = YES;
				CLANG_WARN_CONSTANT_CONVERSION = YES;
				CLANG_WARN_DIRECT_OBJC_ISA_USAGE = YES_ERROR;
				CLANG_WARN_EMPTY_BODY = YES;
				CLANG_WARN_ENUM_CONVERSION = YES;
				CLANG_WARN_INT_CONVERSION = YES;
				CLANG_WARN_OBJC_ROOT_CLASS = YES_ERROR;
				CLANG_WARN_UNREACHABLE_CODE = YES;
				CLANG_WARN__DUPLICATE_METHOD_MATCH = YES;
				"CODE_SIGN_IDENTITY[sdk=iphoneos*]" = "iPhone Developer";
				COPY_PHASE_STRIP = NO;
				ENABLE_STRICT_OBJC_MSGSEND = YES;
				GCC_C_LANGUAGE_STANDARD = gnu99;
				GCC_DYNAMIC_NO_PIC = NO;
				GCC_OPTIMIZATION_LEVEL = 0;
				GCC_PREPROCESSOR_DEFINITIONS = (
					"DEBUG=1",
					"$(inherited)",
				);
				GCC_SYMBOLS_PRIVATE_EXTERN = NO;
				GCC_WARN_64_TO_32_BIT_CONVERSION = YES;
				GCC_WARN_ABOUT_RETURN_TYPE = YES_ERROR;
				GCC_WARN_UNDECLARED_SELECTOR = YES;
				GCC_WARN_UNINITIALIZED_AUTOS = YES_AGGRESSIVE;
				GCC_WARN_UNUSED_FUNCTION = YES;
				GCC_WARN_UNUSED_VARIABLE = YES;
				IPHONEOS_DEPLOYMENT_TARGET = 8.0;
				METAL_ENABLE_DEBUG_INFO = YES;
				ONLY_ACTIVE_ARCH = YES;
				SDKROOT = iphoneos;
				SWIFT_OPTIMIZATION_LEVEL = "-Onone";
			};
			name = Debug;
		};
		52F01D1319BE6EA90074884E /* Release */ = {
			isa = XCBuildConfiguration;
			buildSettings = {
				ALWAYS_SEARCH_USER_PATHS = NO;
				CLANG_CXX_LANGUAGE_STANDARD = "gnu++0x";
				CLANG_CXX_LIBRARY = "libc++";
				CLANG_ENABLE_MODULES = YES;
				CLANG_ENABLE_OBJC_ARC = YES;
				CLANG_WARN_BOOL_CONVERSION = YES;
				CLANG_WARN_CONSTANT_CONVERSION = YES;
				CLANG_WARN_DIRECT_OBJC_ISA_USAGE = YES_ERROR;
				CLANG_WARN_EMPTY_BODY = YES;
				CLANG_WARN_ENUM_CONVERSION = YES;
				CLANG_WARN_INT_CONVERSION = YES;
				CLANG_WARN_OBJC_ROOT_CLASS = YES_ERROR;
				CLANG_WARN_UNREACHABLE_CODE = YES;
				CLANG_WARN__DUPLICATE_METHOD_MATCH = YES;
				"CODE_SIGN_IDENTITY[sdk=iphoneos*]" = "iPhone Developer";
				COPY_PHASE_STRIP = YES;
				ENABLE_NS_ASSERTIONS = NO;
				ENABLE_STRICT_OBJC_MSGSEND = YES;
				GCC_C_LANGUAGE_STANDARD = gnu99;
				GCC_WARN_64_TO_32_BIT_CONVERSION = YES;
				GCC_WARN_ABOUT_RETURN_TYPE = YES_ERROR;
				GCC_WARN_UNDECLARED_SELECTOR = YES;
				GCC_WARN_UNINITIALIZED_AUTOS = YES_AGGRESSIVE;
				GCC_WARN_UNUSED_FUNCTION = YES;
				GCC_WARN_UNUSED_VARIABLE = YES;
				IPHONEOS_DEPLOYMENT_TARGET = 8.0;
				METAL_ENABLE_DEBUG_INFO = NO;
				SDKROOT = iphoneos;
				VALIDATE_PRODUCT = YES;
			};
			name = Release;
		};
		52F01D1519BE6EA90074884E /* Debug */ = {
			isa = XCBuildConfiguration;
			buildSettings = {
				ASSETCATALOG_COMPILER_APPICON_NAME = AppIcon;
				CLANG_ENABLE_MODULES = YES;
				CODE_SIGN_IDENTITY = "iPhone Developer";
				"CODE_SIGN_IDENTITY[sdk=iphoneos*]" = "iPhone Developer";
				FRAMEWORK_SEARCH_PATHS = (
					"$(inherited)",
					"$(PROJECT_DIR)/Frameworks",
					"$(PROJECT_DIR)",
					/Users/Zach/Documents/FacebookSDK,
				);
				INFOPLIST_FILE = "Where R U?/Info.plist";
				IPHONEOS_DEPLOYMENT_TARGET = 8.0;
				LD_RUNPATH_SEARCH_PATHS = "$(inherited) @executable_path/Frameworks";
				MACH_O_TYPE = mh_execute;
				PRODUCT_NAME = "$(TARGET_NAME)";
				PROVISIONING_PROFILE = "";
				SWIFT_OBJC_BRIDGING_HEADER = "Where R U?/Where R U?-Bridging-Header.h";
				SWIFT_OPTIMIZATION_LEVEL = "-Onone";
			};
			name = Debug;
		};
		52F01D1619BE6EA90074884E /* Release */ = {
			isa = XCBuildConfiguration;
			buildSettings = {
				ASSETCATALOG_COMPILER_APPICON_NAME = AppIcon;
				CLANG_ENABLE_MODULES = YES;
				CODE_SIGN_IDENTITY = "iPhone Developer";
				"CODE_SIGN_IDENTITY[sdk=iphoneos*]" = "iPhone Developer";
				FRAMEWORK_SEARCH_PATHS = (
					"$(inherited)",
					"$(PROJECT_DIR)/Frameworks",
					"$(PROJECT_DIR)",
					/Users/Zach/Documents/FacebookSDK,
				);
				INFOPLIST_FILE = "Where R U?/Info.plist";
				IPHONEOS_DEPLOYMENT_TARGET = 8.0;
				LD_RUNPATH_SEARCH_PATHS = "$(inherited) @executable_path/Frameworks";
				MACH_O_TYPE = mh_execute;
				PRODUCT_NAME = "$(TARGET_NAME)";
				PROVISIONING_PROFILE = "";
				SWIFT_OBJC_BRIDGING_HEADER = "Where R U?/Where R U?-Bridging-Header.h";
			};
			name = Release;
		};
		52F01D1819BE6EA90074884E /* Debug */ = {
			isa = XCBuildConfiguration;
			buildSettings = {
				BUNDLE_LOADER = "$(BUILT_PRODUCTS_DIR)/Where R U?.app/Where R U?";
				FRAMEWORK_SEARCH_PATHS = (
					"$(SDKROOT)/Developer/Library/Frameworks",
					"$(inherited)",
				);
				GCC_PREPROCESSOR_DEFINITIONS = (
					"DEBUG=1",
					"$(inherited)",
				);
				INFOPLIST_FILE = "Where R U?Tests/Info.plist";
				LD_RUNPATH_SEARCH_PATHS = "$(inherited) @executable_path/Frameworks @loader_path/Frameworks";
				METAL_ENABLE_DEBUG_INFO = YES;
				PRODUCT_NAME = "$(TARGET_NAME)";
				TEST_HOST = "$(BUNDLE_LOADER)";
			};
			name = Debug;
		};
		52F01D1919BE6EA90074884E /* Release */ = {
			isa = XCBuildConfiguration;
			buildSettings = {
				BUNDLE_LOADER = "$(BUILT_PRODUCTS_DIR)/Where R U?.app/Where R U?";
				FRAMEWORK_SEARCH_PATHS = (
					"$(SDKROOT)/Developer/Library/Frameworks",
					"$(inherited)",
				);
				INFOPLIST_FILE = "Where R U?Tests/Info.plist";
				LD_RUNPATH_SEARCH_PATHS = "$(inherited) @executable_path/Frameworks @loader_path/Frameworks";
				METAL_ENABLE_DEBUG_INFO = NO;
				PRODUCT_NAME = "$(TARGET_NAME)";
				TEST_HOST = "$(BUNDLE_LOADER)";
			};
			name = Release;
		};
/* End XCBuildConfiguration section */

/* Begin XCConfigurationList section */
		52F01CF119BE6EA90074884E /* Build configuration list for PBXProject "Where R U?" */ = {
			isa = XCConfigurationList;
			buildConfigurations = (
				52F01D1219BE6EA90074884E /* Debug */,
				52F01D1319BE6EA90074884E /* Release */,
			);
			defaultConfigurationIsVisible = 0;
			defaultConfigurationName = Release;
		};
		52F01D1419BE6EA90074884E /* Build configuration list for PBXNativeTarget "Where R U?" */ = {
			isa = XCConfigurationList;
			buildConfigurations = (
				52F01D1519BE6EA90074884E /* Debug */,
				52F01D1619BE6EA90074884E /* Release */,
			);
			defaultConfigurationIsVisible = 0;
			defaultConfigurationName = Release;
		};
		52F01D1719BE6EA90074884E /* Build configuration list for PBXNativeTarget "Where R U?Tests" */ = {
			isa = XCConfigurationList;
			buildConfigurations = (
				52F01D1819BE6EA90074884E /* Debug */,
				52F01D1919BE6EA90074884E /* Release */,
			);
			defaultConfigurationIsVisible = 0;
			defaultConfigurationName = Release;
		};
/* End XCConfigurationList section */
	};
	rootObject = 52F01CEE19BE6EA90074884E /* Project object */;
}
