// !$*UTF8*$!
{
	archiveVersion = 1;
	classes = {
	};
	objectVersion = 46;
	objects = {

/* Begin PBXBuildFile section */
		524E5B0C19D9DEA8008A0EE7 /* Person.swift in Sources */ = {isa = PBXBuildFile; fileRef = 524E5B0B19D9DEA8008A0EE7 /* Person.swift */; };
		526DD42719D9D05D00DA2447 /* Ride.swift in Sources */ = {isa = PBXBuildFile; fileRef = 526DD42619D9D05D00DA2447 /* Ride.swift */; };
		52B40D1219C36303001A411D /* SettingsViewController.swift in Sources */ = {isa = PBXBuildFile; fileRef = 52B40D1119C36303001A411D /* SettingsViewController.swift */; };
		52B40D1419C363B8001A411D /* MapKit.framework in Frameworks */ = {isa = PBXBuildFile; fileRef = 52B40D1319C363B8001A411D /* MapKit.framework */; };
		52F01CFC19BE6EA90074884E /* AppDelegate.swift in Sources */ = {isa = PBXBuildFile; fileRef = 52F01CFB19BE6EA90074884E /* AppDelegate.swift */; };
		52F01CFE19BE6EA90074884E /* MyRidesViewController.swift in Sources */ = {isa = PBXBuildFile; fileRef = 52F01CFD19BE6EA90074884E /* MyRidesViewController.swift */; };
		52F01D0019BE6EA90074884E /* MapsViewController.swift in Sources */ = {isa = PBXBuildFile; fileRef = 52F01CFF19BE6EA90074884E /* MapsViewController.swift */; };
		52F01D0319BE6EA90074884E /* Main.storyboard in Resources */ = {isa = PBXBuildFile; fileRef = 52F01D0119BE6EA90074884E /* Main.storyboard */; };
		52F01D0519BE6EA90074884E /* Images.xcassets in Resources */ = {isa = PBXBuildFile; fileRef = 52F01D0419BE6EA90074884E /* Images.xcassets */; };
		52F01D1119BE6EA90074884E /* Where_R_U_Tests.swift in Sources */ = {isa = PBXBuildFile; fileRef = 52F01D1019BE6EA90074884E /* Where_R_U_Tests.swift */; };
		924D754119E337E200B3B8C7 /* Bolts.framework in Frameworks */ = {isa = PBXBuildFile; fileRef = 924D754019E337E200B3B8C7 /* Bolts.framework */; };
		924D754319E337E900B3B8C7 /* Parse.framework in Frameworks */ = {isa = PBXBuildFile; fileRef = 924D754219E337E900B3B8C7 /* Parse.framework */; };
		924D754519E337F400B3B8C7 /* ParseFacebookUtils.framework in Frameworks */ = {isa = PBXBuildFile; fileRef = 924D754419E337F400B3B8C7 /* ParseFacebookUtils.framework */; };
		924D754719E3382000B3B8C7 /* AudioToolbox.framework in Frameworks */ = {isa = PBXBuildFile; fileRef = 924D754619E3382000B3B8C7 /* AudioToolbox.framework */; };
		924D754919E3382500B3B8C7 /* CFNetwork.framework in Frameworks */ = {isa = PBXBuildFile; fileRef = 924D754819E3382500B3B8C7 /* CFNetwork.framework */; };
		924D754B19E3382F00B3B8C7 /* CoreGraphics.framework in Frameworks */ = {isa = PBXBuildFile; fileRef = 924D754A19E3382F00B3B8C7 /* CoreGraphics.framework */; };
		924D754D19E3383500B3B8C7 /* CoreLocation.framework in Frameworks */ = {isa = PBXBuildFile; fileRef = 924D754C19E3383500B3B8C7 /* CoreLocation.framework */; };
		924D754F19E3383F00B3B8C7 /* libz.dylib in Frameworks */ = {isa = PBXBuildFile; fileRef = 924D754E19E3383F00B3B8C7 /* libz.dylib */; };
		924D755119E3384600B3B8C7 /* MobileCoreServices.framework in Frameworks */ = {isa = PBXBuildFile; fileRef = 924D755019E3384600B3B8C7 /* MobileCoreServices.framework */; };
		924D755319E3384D00B3B8C7 /* QuartzCore.framework in Frameworks */ = {isa = PBXBuildFile; fileRef = 924D755219E3384D00B3B8C7 /* QuartzCore.framework */; };
		924D755519E3385300B3B8C7 /* Security.framework in Frameworks */ = {isa = PBXBuildFile; fileRef = 924D755419E3385300B3B8C7 /* Security.framework */; };
		924D755719E3385D00B3B8C7 /* StoreKit.framework in Frameworks */ = {isa = PBXBuildFile; fileRef = 924D755619E3385D00B3B8C7 /* StoreKit.framework */; };
		924D755919E3386600B3B8C7 /* SystemConfiguration.framework in Frameworks */ = {isa = PBXBuildFile; fileRef = 924D755819E3386600B3B8C7 /* SystemConfiguration.framework */; };
		924D772219E345A200B3B8C7 /* FacebookSDK.framework in Frameworks */ = {isa = PBXBuildFile; fileRef = 924D772119E345A200B3B8C7 /* FacebookSDK.framework */; };
/* End PBXBuildFile section */

/* Begin PBXContainerItemProxy section */
		52F01D0B19BE6EA90074884E /* PBXContainerItemProxy */ = {
			isa = PBXContainerItemProxy;
			containerPortal = 52F01CEE19BE6EA90074884E /* Project object */;
			proxyType = 1;
			remoteGlobalIDString = 52F01CF519BE6EA90074884E;
			remoteInfo = "Where R U?";
		};
/* End PBXContainerItemProxy section */

/* Begin PBXFileReference section */
		524E5B0B19D9DEA8008A0EE7 /* Person.swift */ = {isa = PBXFileReference; fileEncoding = 4; lastKnownFileType = sourcecode.swift; path = Person.swift; sourceTree = "<group>"; };
		5268471219DFC74400C13769 /* NotificationCenter.framework */ = {isa = PBXFileReference; lastKnownFileType = wrapper.framework; name = NotificationCenter.framework; path = System/Library/Frameworks/NotificationCenter.framework; sourceTree = SDKROOT; };
		526DD42619D9D05D00DA2447 /* Ride.swift */ = {isa = PBXFileReference; fileEncoding = 4; lastKnownFileType = sourcecode.swift; path = Ride.swift; sourceTree = "<group>"; };
		52B40D1119C36303001A411D /* SettingsViewController.swift */ = {isa = PBXFileReference; fileEncoding = 4; lastKnownFileType = sourcecode.swift; path = SettingsViewController.swift; sourceTree = "<group>"; };
		52B40D1319C363B8001A411D /* MapKit.framework */ = {isa = PBXFileReference; lastKnownFileType = wrapper.framework; name = MapKit.framework; path = System/Library/Frameworks/MapKit.framework; sourceTree = SDKROOT; };
		52F01CF619BE6EA90074884E /* Where R U?.app */ = {isa = PBXFileReference; explicitFileType = wrapper.application; includeInIndex = 0; path = "Where R U?.app"; sourceTree = BUILT_PRODUCTS_DIR; };
		52F01CFA19BE6EA90074884E /* Info.plist */ = {isa = PBXFileReference; lastKnownFileType = text.plist.xml; path = Info.plist; sourceTree = "<group>"; };
		52F01CFB19BE6EA90074884E /* AppDelegate.swift */ = {isa = PBXFileReference; lastKnownFileType = sourcecode.swift; path = AppDelegate.swift; sourceTree = "<group>"; };
		52F01CFD19BE6EA90074884E /* MyRidesViewController.swift */ = {isa = PBXFileReference; lastKnownFileType = sourcecode.swift; path = MyRidesViewController.swift; sourceTree = "<group>"; };
		52F01CFF19BE6EA90074884E /* MapsViewController.swift */ = {isa = PBXFileReference; lastKnownFileType = sourcecode.swift; path = MapsViewController.swift; sourceTree = "<group>"; };
		52F01D0219BE6EA90074884E /* Base */ = {isa = PBXFileReference; lastKnownFileType = file.storyboard; name = Base; path = Base.lproj/Main.storyboard; sourceTree = "<group>"; };
		52F01D0419BE6EA90074884E /* Images.xcassets */ = {isa = PBXFileReference; lastKnownFileType = folder.assetcatalog; path = Images.xcassets; sourceTree = "<group>"; };
		52F01D0A19BE6EA90074884E /* Where R U?Tests.xctest */ = {isa = PBXFileReference; explicitFileType = wrapper.cfbundle; includeInIndex = 0; path = "Where R U?Tests.xctest"; sourceTree = BUILT_PRODUCTS_DIR; };
		52F01D0F19BE6EA90074884E /* Info.plist */ = {isa = PBXFileReference; lastKnownFileType = text.plist.xml; path = Info.plist; sourceTree = "<group>"; };
		52F01D1019BE6EA90074884E /* Where_R_U_Tests.swift */ = {isa = PBXFileReference; lastKnownFileType = sourcecode.swift; path = Where_R_U_Tests.swift; sourceTree = "<group>"; };
		924D753D19E3371800B3B8C7 /* Where R U?-Bridging-Header.h */ = {isa = PBXFileReference; lastKnownFileType = sourcecode.c.h; path = "Where R U?-Bridging-Header.h"; sourceTree = "<group>"; };
		924D754019E337E200B3B8C7 /* Bolts.framework */ = {isa = PBXFileReference; lastKnownFileType = wrapper.framework; name = Bolts.framework; path = "../../../../parse-library-1/Bolts.framework"; sourceTree = "<group>"; };
		924D754219E337E900B3B8C7 /* Parse.framework */ = {isa = PBXFileReference; lastKnownFileType = wrapper.framework; name = Parse.framework; path = "../../../../parse-library-1/Parse.framework"; sourceTree = "<group>"; };
		924D754419E337F400B3B8C7 /* ParseFacebookUtils.framework */ = {isa = PBXFileReference; lastKnownFileType = wrapper.framework; name = ParseFacebookUtils.framework; path = "../../../../parse-library-1/ParseFacebookUtils.framework"; sourceTree = "<group>"; };
		924D754619E3382000B3B8C7 /* AudioToolbox.framework */ = {isa = PBXFileReference; lastKnownFileType = wrapper.framework; name = AudioToolbox.framework; path = System/Library/Frameworks/AudioToolbox.framework; sourceTree = SDKROOT; };
		924D754819E3382500B3B8C7 /* CFNetwork.framework */ = {isa = PBXFileReference; lastKnownFileType = wrapper.framework; name = CFNetwork.framework; path = System/Library/Frameworks/CFNetwork.framework; sourceTree = SDKROOT; };
		924D754A19E3382F00B3B8C7 /* CoreGraphics.framework */ = {isa = PBXFileReference; lastKnownFileType = wrapper.framework; name = CoreGraphics.framework; path = System/Library/Frameworks/CoreGraphics.framework; sourceTree = SDKROOT; };
		924D754C19E3383500B3B8C7 /* CoreLocation.framework */ = {isa = PBXFileReference; lastKnownFileType = wrapper.framework; name = CoreLocation.framework; path = System/Library/Frameworks/CoreLocation.framework; sourceTree = SDKROOT; };
		924D754E19E3383F00B3B8C7 /* libz.dylib */ = {isa = PBXFileReference; lastKnownFileType = "compiled.mach-o.dylib"; name = libz.dylib; path = usr/lib/libz.dylib; sourceTree = SDKROOT; };
		924D755019E3384600B3B8C7 /* MobileCoreServices.framework */ = {isa = PBXFileReference; lastKnownFileType = wrapper.framework; name = MobileCoreServices.framework; path = System/Library/Frameworks/MobileCoreServices.framework; sourceTree = SDKROOT; };
		924D755219E3384D00B3B8C7 /* QuartzCore.framework */ = {isa = PBXFileReference; lastKnownFileType = wrapper.framework; name = QuartzCore.framework; path = System/Library/Frameworks/QuartzCore.framework; sourceTree = SDKROOT; };
		924D755419E3385300B3B8C7 /* Security.framework */ = {isa = PBXFileReference; lastKnownFileType = wrapper.framework; name = Security.framework; path = System/Library/Frameworks/Security.framework; sourceTree = SDKROOT; };
		924D755619E3385D00B3B8C7 /* StoreKit.framework */ = {isa = PBXFileReference; lastKnownFileType = wrapper.framework; name = StoreKit.framework; path = System/Library/Frameworks/StoreKit.framework; sourceTree = SDKROOT; };
		924D755819E3386600B3B8C7 /* SystemConfiguration.framework */ = {isa = PBXFileReference; lastKnownFileType = wrapper.framework; name = SystemConfiguration.framework; path = System/Library/Frameworks/SystemConfiguration.framework; sourceTree = SDKROOT; };
		924D772119E345A200B3B8C7 /* FacebookSDK.framework */ = {isa = PBXFileReference; lastKnownFileType = wrapper.framework; name = FacebookSDK.framework; path = ../../../../../Documents/FacebookSDK/FacebookSDK.framework; sourceTree = "<group>"; };
/* End PBXFileReference section */

/* Begin PBXFrameworksBuildPhase section */
		52F01CF319BE6EA90074884E /* Frameworks */ = {
			isa = PBXFrameworksBuildPhase;
			buildActionMask = 2147483647;
			files = (
				924D755919E3386600B3B8C7 /* SystemConfiguration.framework in Frameworks */,
				924D755719E3385D00B3B8C7 /* StoreKit.framework in Frameworks */,
				924D755519E3385300B3B8C7 /* Security.framework in Frameworks */,
				924D755319E3384D00B3B8C7 /* QuartzCore.framework in Frameworks */,
				924D755119E3384600B3B8C7 /* MobileCoreServices.framework in Frameworks */,
				924D754F19E3383F00B3B8C7 /* libz.dylib in Frameworks */,
				924D754D19E3383500B3B8C7 /* CoreLocation.framework in Frameworks */,
				924D754B19E3382F00B3B8C7 /* CoreGraphics.framework in Frameworks */,
				924D754919E3382500B3B8C7 /* CFNetwork.framework in Frameworks */,
				924D754719E3382000B3B8C7 /* AudioToolbox.framework in Frameworks */,
				52B40D1419C363B8001A411D /* MapKit.framework in Frameworks */,
				924D772219E345A200B3B8C7 /* FacebookSDK.framework in Frameworks */,
				924D754319E337E900B3B8C7 /* Parse.framework in Frameworks */,
				924D754519E337F400B3B8C7 /* ParseFacebookUtils.framework in Frameworks */,
				924D754119E337E200B3B8C7 /* Bolts.framework in Frameworks */,
			);
			runOnlyForDeploymentPostprocessing = 0;
		};
		52F01D0719BE6EA90074884E /* Frameworks */ = {
			isa = PBXFrameworksBuildPhase;
			buildActionMask = 2147483647;
			files = (
			);
			runOnlyForDeploymentPostprocessing = 0;
		};
/* End PBXFrameworksBuildPhase section */

/* Begin PBXGroup section */
		5268471119DFC74400C13769 /* Frameworks */ = {
			isa = PBXGroup;
			children = (
				924D755819E3386600B3B8C7 /* SystemConfiguration.framework */,
				924D755619E3385D00B3B8C7 /* StoreKit.framework */,
				924D755419E3385300B3B8C7 /* Security.framework */,
				924D755219E3384D00B3B8C7 /* QuartzCore.framework */,
				924D755019E3384600B3B8C7 /* MobileCoreServices.framework */,
				924D754E19E3383F00B3B8C7 /* libz.dylib */,
				924D754C19E3383500B3B8C7 /* CoreLocation.framework */,
				924D754A19E3382F00B3B8C7 /* CoreGraphics.framework */,
				924D754819E3382500B3B8C7 /* CFNetwork.framework */,
				924D754619E3382000B3B8C7 /* AudioToolbox.framework */,
				5268471219DFC74400C13769 /* NotificationCenter.framework */,
			);
			name = Frameworks;
			sourceTree = "<group>";
		};
		52F01CED19BE6EA90074884E = {
			isa = PBXGroup;
			children = (
				924D772119E345A200B3B8C7 /* FacebookSDK.framework */,
				924D754419E337F400B3B8C7 /* ParseFacebookUtils.framework */,
				924D754219E337E900B3B8C7 /* Parse.framework */,
				924D754019E337E200B3B8C7 /* Bolts.framework */,
				52B40D1319C363B8001A411D /* MapKit.framework */,
				52F01CF819BE6EA90074884E /* Where R U? */,
				52F01D0D19BE6EA90074884E /* Where R U?Tests */,
				5268471119DFC74400C13769 /* Frameworks */,
				52F01CF719BE6EA90074884E /* Products */,
			);
			sourceTree = "<group>";
		};
		52F01CF719BE6EA90074884E /* Products */ = {
			isa = PBXGroup;
			children = (
				52F01CF619BE6EA90074884E /* Where R U?.app */,
				52F01D0A19BE6EA90074884E /* Where R U?Tests.xctest */,
			);
			name = Products;
			sourceTree = "<group>";
		};
		52F01CF819BE6EA90074884E /* Where R U? */ = {
			isa = PBXGroup;
			children = (
				526DD42619D9D05D00DA2447 /* Ride.swift */,
				52F01CFB19BE6EA90074884E /* AppDelegate.swift */,
				524E5B0B19D9DEA8008A0EE7 /* Person.swift */,
				52F01CFD19BE6EA90074884E /* MyRidesViewController.swift */,
				52F01CFF19BE6EA90074884E /* MapsViewController.swift */,
				52B40D1119C36303001A411D /* SettingsViewController.swift */,
				52F01D0119BE6EA90074884E /* Main.storyboard */,
				52F01D0419BE6EA90074884E /* Images.xcassets */,
				52F01CF919BE6EA90074884E /* Supporting Files */,
				924D753D19E3371800B3B8C7 /* Where R U?-Bridging-Header.h */,
			);
			path = "Where R U?";
			sourceTree = "<group>";
		};
		52F01CF919BE6EA90074884E /* Supporting Files */ = {
			isa = PBXGroup;
			children = (
				52F01CFA19BE6EA90074884E /* Info.plist */,
			);
			name = "Supporting Files";
			sourceTree = "<group>";
		};
		52F01D0D19BE6EA90074884E /* Where R U?Tests */ = {
			isa = PBXGroup;
			children = (
				52F01D1019BE6EA90074884E /* Where_R_U_Tests.swift */,
				52F01D0E19BE6EA90074884E /* Supporting Files */,
			);
			path = "Where R U?Tests";
			sourceTree = "<group>";
		};
		52F01D0E19BE6EA90074884E /* Supporting Files */ = {
			isa = PBXGroup;
			children = (
				52F01D0F19BE6EA90074884E /* Info.plist */,
			);
			name = "Supporting Files";
			sourceTree = "<group>";
		};
/* End PBXGroup section */

/* Begin PBXNativeTarget section */
		52F01CF519BE6EA90074884E /* Where R U? */ = {
			isa = PBXNativeTarget;
			buildConfigurationList = 52F01D1419BE6EA90074884E /* Build configuration list for PBXNativeTarget "Where R U?" */;
			buildPhases = (
				52F01CF219BE6EA90074884E /* Sources */,
				52F01CF319BE6EA90074884E /* Frameworks */,
				52F01CF419BE6EA90074884E /* Resources */,
			);
			buildRules = (
			);
			dependencies = (
			);
			name = "Where R U?";
			productName = "Where R U?";
			productReference = 52F01CF619BE6EA90074884E /* Where R U?.app */;
			productType = "com.apple.product-type.application";
		};
		52F01D0919BE6EA90074884E /* Where R U?Tests */ = {
			isa = PBXNativeTarget;
			buildConfigurationList = 52F01D1719BE6EA90074884E /* Build configuration list for PBXNativeTarget "Where R U?Tests" */;
			buildPhases = (
				52F01D0619BE6EA90074884E /* Sources */,
				52F01D0719BE6EA90074884E /* Frameworks */,
				52F01D0819BE6EA90074884E /* Resources */,
			);
			buildRules = (
			);
			dependencies = (
				52F01D0C19BE6EA90074884E /* PBXTargetDependency */,
			);
			name = "Where R U?Tests";
			productName = "Where R U?Tests";
			productReference = 52F01D0A19BE6EA90074884E /* Where R U?Tests.xctest */;
			productType = "com.apple.product-type.bundle.unit-test";
		};
/* End PBXNativeTarget section */

/* Begin PBXProject section */
		52F01CEE19BE6EA90074884E /* Project object */ = {
			isa = PBXProject;
			attributes = {
				LastUpgradeCheck = 0600;
				ORGANIZATIONNAME = "John Behnke";
				TargetAttributes = {
					52F01CF519BE6EA90074884E = {
						CreatedOnToolsVersion = 6.0;
						SystemCapabilities = {
							com.apple.SafariKeychain = {
								enabled = 0;
							};
							com.apple.iOS = {
								enabled = 1;
							};
						};
					};
					52F01D0919BE6EA90074884E = {
						CreatedOnToolsVersion = 6.0;
						TestTargetID = 52F01CF519BE6EA90074884E;
					};
				};
			};
			buildConfigurationList = 52F01CF119BE6EA90074884E /* Build configuration list for PBXProject "Where R U?" */;
			compatibilityVersion = "Xcode 3.2";
			developmentRegion = English;
			hasScannedForEncodings = 0;
			knownRegions = (
				en,
				Base,
				he,
			);
			mainGroup = 52F01CED19BE6EA90074884E;
			productRefGroup = 52F01CF719BE6EA90074884E /* Products */;
			projectDirPath = "";
			projectRoot = "";
			targets = (
				52F01CF519BE6EA90074884E /* Where R U? */,
				52F01D0919BE6EA90074884E /* Where R U?Tests */,
			);
		};
/* End PBXProject section */

/* Begin PBXResourcesBuildPhase section */
		52F01CF419BE6EA90074884E /* Resources */ = {
			isa = PBXResourcesBuildPhase;
			buildActionMask = 2147483647;
			files = (
				52F01D0319BE6EA90074884E /* Main.storyboard in Resources */,
				52F01D0519BE6EA90074884E /* Images.xcassets in Resources */,
			);
			runOnlyForDeploymentPostprocessing = 0;
		};
		52F01D0819BE6EA90074884E /* Resources */ = {
			isa = PBXResourcesBuildPhase;
			buildActionMask = 2147483647;
			files = (
			);
			runOnlyForDeploymentPostprocessing = 0;
		};
/* End PBXResourcesBuildPhase section */

/* Begin PBXSourcesBuildPhase section */
		52F01CF219BE6EA90074884E /* Sources */ = {
			isa = PBXSourcesBuildPhase;
			buildActionMask = 2147483647;
			files = (
				524E5B0C19D9DEA8008A0EE7 /* Person.swift in Sources */,
				52F01D0019BE6EA90074884E /* MapsViewController.swift in Sources */,
				52F01CFC19BE6EA90074884E /* AppDelegate.swift in Sources */,
				52B40D1219C36303001A411D /* SettingsViewController.swift in Sources */,
				52F01CFE19BE6EA90074884E /* MyRidesViewController.swift in Sources */,
				526DD42719D9D05D00DA2447 /* Ride.swift in Sources */,
			);
			runOnlyForDeploymentPostprocessing = 0;
		};
		52F01D0619BE6EA90074884E /* Sources */ = {
			isa = PBXSourcesBuildPhase;
			buildActionMask = 2147483647;
			files = (
				52F01D1119BE6EA90074884E /* Where_R_U_Tests.swift in Sources */,
			);
			runOnlyForDeploymentPostprocessing = 0;
		};
/* End PBXSourcesBuildPhase section */

/* Begin PBXTargetDependency section */
		52F01D0C19BE6EA90074884E /* PBXTargetDependency */ = {
			isa = PBXTargetDependency;
			target = 52F01CF519BE6EA90074884E /* Where R U? */;
			targetProxy = 52F01D0B19BE6EA90074884E /* PBXContainerItemProxy */;
		};
/* End PBXTargetDependency section */

/* Begin PBXVariantGroup section */
		52F01D0119BE6EA90074884E /* Main.storyboard */ = {
			isa = PBXVariantGroup;
			children = (
				52F01D0219BE6EA90074884E /* Base */,
			);
			name = Main.storyboard;
			sourceTree = "<group>";
		};
/* End PBXVariantGroup section */

/* Begin XCBuildConfiguration section */
		52F01D1219BE6EA90074884E /* Debug */ = {
			isa = XCBuildConfiguration;
			buildSettings = {
				ALWAYS_SEARCH_USER_PATHS = NO;
				CLANG_CXX_LANGUAGE_STANDARD = "gnu++0x";
				CLANG_CXX_LIBRARY = "libc++";
				CLANG_ENABLE_MODULES = YES;
				CLANG_ENABLE_OBJC_ARC = YES;
				CLANG_WARN_BOOL_CONVERSION = YES;
				CLANG_WARN_CONSTANT_CONVERSION = YES;
				CLANG_WARN_DIRECT_OBJC_ISA_USAGE = YES_ERROR;
				CLANG_WARN_EMPTY_BODY = YES;
				CLANG_WARN_ENUM_CONVERSION = YES;
				CLANG_WARN_INT_CONVERSION = YES;
				CLANG_WARN_OBJC_ROOT_CLASS = YES_ERROR;
				CLANG_WARN_UNREACHABLE_CODE = YES;
				CLANG_WARN__DUPLICATE_METHOD_MATCH = YES;
				"CODE_SIGN_IDENTITY[sdk=iphoneos*]" = "iPhone Developer";
				COPY_PHASE_STRIP = NO;
				ENABLE_STRICT_OBJC_MSGSEND = YES;
				GCC_C_LANGUAGE_STANDARD = gnu99;
				GCC_DYNAMIC_NO_PIC = NO;
				GCC_OPTIMIZATION_LEVEL = 0;
				GCC_PREPROCESSOR_DEFINITIONS = (
					"DEBUG=1",
					"$(inherited)",
				);
				GCC_SYMBOLS_PRIVATE_EXTERN = NO;
				GCC_WARN_64_TO_32_BIT_CONVERSION = YES;
				GCC_WARN_ABOUT_RETURN_TYPE = YES_ERROR;
				GCC_WARN_UNDECLARED_SELECTOR = YES;
				GCC_WARN_UNINITIALIZED_AUTOS = YES_AGGRESSIVE;
				GCC_WARN_UNUSED_FUNCTION = YES;
				GCC_WARN_UNUSED_VARIABLE = YES;
				IPHONEOS_DEPLOYMENT_TARGET = 8.0;
				METAL_ENABLE_DEBUG_INFO = YES;
				ONLY_ACTIVE_ARCH = YES;
				SDKROOT = iphoneos;
				SWIFT_OPTIMIZATION_LEVEL = "-Onone";
			};
			name = Debug;
		};
		52F01D1319BE6EA90074884E /* Release */ = {
			isa = XCBuildConfiguration;
			buildSettings = {
				ALWAYS_SEARCH_USER_PATHS = NO;
				CLANG_CXX_LANGUAGE_STANDARD = "gnu++0x";
				CLANG_CXX_LIBRARY = "libc++";
				CLANG_ENABLE_MODULES = YES;
				CLANG_ENABLE_OBJC_ARC = YES;
				CLANG_WARN_BOOL_CONVERSION = YES;
				CLANG_WARN_CONSTANT_CONVERSION = YES;
				CLANG_WARN_DIRECT_OBJC_ISA_USAGE = YES_ERROR;
				CLANG_WARN_EMPTY_BODY = YES;
				CLANG_WARN_ENUM_CONVERSION = YES;
				CLANG_WARN_INT_CONVERSION = YES;
				CLANG_WARN_OBJC_ROOT_CLASS = YES_ERROR;
				CLANG_WARN_UNREACHABLE_CODE = YES;
				CLANG_WARN__DUPLICATE_METHOD_MATCH = YES;
				"CODE_SIGN_IDENTITY[sdk=iphoneos*]" = "iPhone Developer";
				COPY_PHASE_STRIP = YES;
				ENABLE_NS_ASSERTIONS = NO;
				ENABLE_STRICT_OBJC_MSGSEND = YES;
				GCC_C_LANGUAGE_STANDARD = gnu99;
				GCC_WARN_64_TO_32_BIT_CONVERSION = YES;
				GCC_WARN_ABOUT_RETURN_TYPE = YES_ERROR;
				GCC_WARN_UNDECLARED_SELECTOR = YES;
				GCC_WARN_UNINITIALIZED_AUTOS = YES_AGGRESSIVE;
				GCC_WARN_UNUSED_FUNCTION = YES;
				GCC_WARN_UNUSED_VARIABLE = YES;
				IPHONEOS_DEPLOYMENT_TARGET = 8.0;
				METAL_ENABLE_DEBUG_INFO = NO;
				SDKROOT = iphoneos;
				VALIDATE_PRODUCT = YES;
			};
			name = Release;
		};
		52F01D1519BE6EA90074884E /* Debug */ = {
			isa = XCBuildConfiguration;
			buildSettings = {
				ASSETCATALOG_COMPILER_APPICON_NAME = AppIcon;
				ASSETCATALOG_COMPILER_LAUNCHIMAGE_NAME = LaunchImage;
				CLANG_ENABLE_MODULES = YES;
				CODE_SIGN_IDENTITY = "iPhone Developer";
				"CODE_SIGN_IDENTITY[sdk=iphoneos*]" = "iPhone Developer";
				FRAMEWORK_SEARCH_PATHS = (
					"$(inherited)",
					"/Users/Zach/Desktop/parse-library-1",
					/Users/Zach/Documents/FacebookSDK,
					/Users/Zach/Documents/FacebookSDK/FBAudienceNetwork,
				);
				INFOPLIST_FILE = "Where R U?/Info.plist";
				IPHONEOS_DEPLOYMENT_TARGET = 8.0;
				LD_RUNPATH_SEARCH_PATHS = "$(inherited) @executable_path/Frameworks";
				PRODUCT_NAME = "$(TARGET_NAME)";
				PROVISIONING_PROFILE = "";
				SWIFT_OBJC_BRIDGING_HEADER = "Where R U?/Where R U?-Bridging-Header.h";
				SWIFT_OPTIMIZATION_LEVEL = "-Onone";
			};
			name = Debug;
		};
		52F01D1619BE6EA90074884E /* Release */ = {
			isa = XCBuildConfiguration;
			buildSettings = {
				ASSETCATALOG_COMPILER_APPICON_NAME = AppIcon;
				ASSETCATALOG_COMPILER_LAUNCHIMAGE_NAME = LaunchImage;
				CLANG_ENABLE_MODULES = YES;
				CODE_SIGN_IDENTITY = "iPhone Developer";
				"CODE_SIGN_IDENTITY[sdk=iphoneos*]" = "iPhone Developer";
				FRAMEWORK_SEARCH_PATHS = (
					"$(inherited)",
					"/Users/Zach/Desktop/parse-library-1",
					/Users/Zach/Documents/FacebookSDK,
					/Users/Zach/Documents/FacebookSDK/FBAudienceNetwork,
				);
				INFOPLIST_FILE = "Where R U?/Info.plist";
				IPHONEOS_DEPLOYMENT_TARGET = 8.0;
				LD_RUNPATH_SEARCH_PATHS = "$(inherited) @executable_path/Frameworks";
				PRODUCT_NAME = "$(TARGET_NAME)";
				PROVISIONING_PROFILE = "";
				SWIFT_OBJC_BRIDGING_HEADER = "Where R U?/Where R U?-Bridging-Header.h";
			};
			name = Release;
		};
		52F01D1819BE6EA90074884E /* Debug */ = {
			isa = XCBuildConfiguration;
			buildSettings = {
				BUNDLE_LOADER = "$(BUILT_PRODUCTS_DIR)/Where R U?.app/Where R U?";
				FRAMEWORK_SEARCH_PATHS = (
					"$(SDKROOT)/Developer/Library/Frameworks",
					"$(inherited)",
				);
				GCC_PREPROCESSOR_DEFINITIONS = (
					"DEBUG=1",
					"$(inherited)",
				);
				INFOPLIST_FILE = "Where R U?Tests/Info.plist";
				LD_RUNPATH_SEARCH_PATHS = "$(inherited) @executable_path/Frameworks @loader_path/Frameworks";
				METAL_ENABLE_DEBUG_INFO = YES;
				PRODUCT_NAME = "$(TARGET_NAME)";
				TEST_HOST = "$(BUNDLE_LOADER)";
			};
			name = Debug;
		};
		52F01D1919BE6EA90074884E /* Release */ = {
			isa = XCBuildConfiguration;
			buildSettings = {
				BUNDLE_LOADER = "$(BUILT_PRODUCTS_DIR)/Where R U?.app/Where R U?";
				FRAMEWORK_SEARCH_PATHS = (
					"$(SDKROOT)/Developer/Library/Frameworks",
					"$(inherited)",
				);
				INFOPLIST_FILE = "Where R U?Tests/Info.plist";
				LD_RUNPATH_SEARCH_PATHS = "$(inherited) @executable_path/Frameworks @loader_path/Frameworks";
				METAL_ENABLE_DEBUG_INFO = NO;
				PRODUCT_NAME = "$(TARGET_NAME)";
				TEST_HOST = "$(BUNDLE_LOADER)";
			};
			name = Release;
		};
/* End XCBuildConfiguration section */

/* Begin XCConfigurationList section */
		52F01CF119BE6EA90074884E /* Build configuration list for PBXProject "Where R U?" */ = {
			isa = XCConfigurationList;
			buildConfigurations = (
				52F01D1219BE6EA90074884E /* Debug */,
				52F01D1319BE6EA90074884E /* Release */,
			);
			defaultConfigurationIsVisible = 0;
			defaultConfigurationName = Release;
		};
		52F01D1419BE6EA90074884E /* Build configuration list for PBXNativeTarget "Where R U?" */ = {
			isa = XCConfigurationList;
			buildConfigurations = (
				52F01D1519BE6EA90074884E /* Debug */,
				52F01D1619BE6EA90074884E /* Release */,
			);
			defaultConfigurationIsVisible = 0;
			defaultConfigurationName = Release;
		};
		52F01D1719BE6EA90074884E /* Build configuration list for PBXNativeTarget "Where R U?Tests" */ = {
			isa = XCConfigurationList;
			buildConfigurations = (
				52F01D1819BE6EA90074884E /* Debug */,
				52F01D1919BE6EA90074884E /* Release */,
			);
			defaultConfigurationIsVisible = 0;
			defaultConfigurationName = Release;
		};
/* End XCConfigurationList section */
	};
	rootObject = 52F01CEE19BE6EA90074884E /* Project object */;
}
